Microsoft Visual Studio Solution File, Format Version 11.00
# Visual Studio 2008

Project("{E5CD06E5-034E-5E8B-E6C1-C981BEA05C95}") = "Overseer - Alpha", "Assembly-CSharp.csproj", "{FEA257C5-E90B-7DDC-F75D-750324CC72CE}"
EndProject
Project("{E5CD06E5-034E-5E8B-E6C1-C981BEA05C95}") = "Overseer - Alpha", "Assembly-CSharp-Editor.csproj", "{1331628D-BFB6-FDFC-1B50-681070075E70}"
EndProject
Global
	GlobalSection(SolutionConfigurationPlatforms) = preSolution
		Debug|Any CPU = Debug|Any CPU
		Release|Any CPU = Release|Any CPU
	EndGlobalSection
	GlobalSection(ProjectConfigurationPlatforms) = postSolution
		{FEA257C5-E90B-7DDC-F75D-750324CC72CE}.Debug|Any CPU.ActiveCfg = Debug|Any CPU
		{FEA257C5-E90B-7DDC-F75D-750324CC72CE}.Debug|Any CPU.Build.0 = Debug|Any CPU
		{FEA257C5-E90B-7DDC-F75D-750324CC72CE}.Release|Any CPU.ActiveCfg = Release|Any CPU
		{FEA257C5-E90B-7DDC-F75D-750324CC72CE}.Release|Any CPU.Build.0 = Release|Any CPU
		{1331628D-BFB6-FDFC-1B50-681070075E70}.Debug|Any CPU.ActiveCfg = Debug|Any CPU
		{1331628D-BFB6-FDFC-1B50-681070075E70}.Debug|Any CPU.Build.0 = Debug|Any CPU
		{1331628D-BFB6-FDFC-1B50-681070075E70}.Release|Any CPU.ActiveCfg = Release|Any CPU
		{1331628D-BFB6-FDFC-1B50-681070075E70}.Release|Any CPU.Build.0 = Release|Any CPU
	EndGlobalSection
	GlobalSection(SolutionProperties) = preSolution
		HideSolutionNode = FALSE
	EndGlobalSection
	GlobalSection(MonoDevelopProperties) = preSolution
		StartupItem = Assembly-CSharp.csproj
	EndGlobalSection
EndGlobal
